
Microsoft Visual Studio Solution File, Format Version 12.00
# Visual Studio Version 17
VisualStudioVersion = 17.11.35303.130
MinimumVisualStudioVersion = 10.0.40219.1
Project("{FAE04EC0-301F-11D3-BF4B-00C04F79EFBC}") = "desafios-hacker-rank", "desafios-hacker-rank.csproj", "{9F99D7DD-794F-490A-8F1F-6A6B1191D442}"
EndProject
Global
	GlobalSection(SolutionConfigurationPlatforms) = preSolution
		Debug|Any CPU = Debug|Any CPU
		Release|Any CPU = Release|Any CPU
	EndGlobalSection
	GlobalSection(ProjectConfigurationPlatforms) = postSolution
		{9F99D7DD-794F-490A-8F1F-6A6B1191D442}.Debug|Any CPU.ActiveCfg = Debug|Any CPU
		{9F99D7DD-794F-490A-8F1F-6A6B1191D442}.Debug|Any CPU.Build.0 = Debug|Any CPU
		{9F99D7DD-794F-490A-8F1F-6A6B1191D442}.Release|Any CPU.ActiveCfg = Release|Any CPU
		{9F99D7DD-794F-490A-8F1F-6A6B1191D442}.Release|Any CPU.Build.0 = Release|Any CPU
	EndGlobalSection
	GlobalSection(SolutionProperties) = preSolution
		HideSolutionNode = FALSE
	EndGlobalSection
	GlobalSection(ExtensibilityGlobals) = postSolution
		SolutionGuid = {E5BB1442-6719-47EB-9071-8BA4A093B454}
	EndGlobalSection
EndGlobal
